{
  "version": 4,
  "terraform_version": "1.2.2",
  "serial": 79,
  "lineage": "e809d5eb-e426-82fc-a08d-2c2ccb22d52e",
  "outputs": {
    "rest_api_url": {
      "value": "https://94st8t18ck.execute-api.eu-north-1.amazonaws.com/prod/thumbnails",
      "type": "string"
    }
  },
  "resources": [
    {
      "module": "module.api_gateway",
      "mode": "data",
      "type": "aws_s3_objects",
      "name": "images",
      "provider": "provider[\"registry.terraform.io/hashicorp/aws\"]",
      "instances": [
        {
          "schema_version": 0,
          "attributes": {
            "bucket": "terraform-api-gateway-thumbnail-storage-01",
            "common_prefixes": [],
            "delimiter": null,
            "encoding_type": null,
            "fetch_owner": null,
            "id": "terraform-api-gateway-thumbnail-storage-01",
            "keys": [],
            "max_keys": 1000,
            "owners": [],
            "prefix": null,
            "start_after": null
          },
          "sensitive_attributes": []
        }
      ]
    },
    {
      "module": "module.api_gateway",
      "mode": "managed",
      "type": "aws_api_gateway_deployment",
      "name": "rest_api_deployment",
      "provider": "provider[\"registry.terraform.io/hashicorp/aws\"]",
      "instances": [
        {
          "schema_version": 0,
          "attributes": {
            "created_date": "2022-06-05T07:24:44Z",
            "description": "",
            "execution_arn": "arn:aws:execute-api:eu-north-1:095720751342:94st8t18ck/",
            "id": "9ovnjo",
            "invoke_url": "https://94st8t18ck.execute-api.eu-north-1.amazonaws.com/",
            "rest_api_id": "94st8t18ck",
            "stage_description": null,
            "stage_name": null,
            "triggers": {
              "redeployment": "e37bd5c9c4378a61db774310028d8b3d7f890e44"
            },
            "variables": null
          },
          "sensitive_attributes": [],
          "private": "bnVsbA==",
          "dependencies": [
            "module.api_gateway.aws_api_gateway_integration.rest_api_get_method_integration",
            "module.api_gateway.aws_api_gateway_method.rest_api_get_method",
            "module.api_gateway.aws_api_gateway_resource.rest_api_resource",
            "module.api_gateway.aws_api_gateway_rest_api.rest_api",
            "module.lambda_function.aws_cloudwatch_log_group.lambda_log_group",
            "module.lambda_function.aws_iam_role.lambda_execution_role",
            "module.lambda_function.aws_iam_role_policy_attachment.lambda_policy",
            "module.lambda_function.aws_lambda_function.lambda_function",
            "module.lambda_function.aws_s3_bucket.lambda_bucket",
            "module.lambda_function.aws_s3_bucket_acl.s3_lambda_bucket",
            "module.lambda_function.aws_s3_object.lambda_code",
            "module.lambda_function.data.archive_file.lambda_code"
          ]
        }
      ]
    },
    {
      "module": "module.api_gateway",
      "mode": "managed",
      "type": "aws_api_gateway_integration",
      "name": "rest_api_get_method_integration",
      "provider": "provider[\"registry.terraform.io/hashicorp/aws\"]",
      "instances": [
        {
          "schema_version": 0,
          "attributes": {
            "cache_key_parameters": [],
            "cache_namespace": "4z3eco",
            "connection_id": "",
            "connection_type": "INTERNET",
            "content_handling": "",
            "credentials": "",
            "http_method": "GET",
            "id": "agi-94st8t18ck-4z3eco-GET",
            "integration_http_method": "POST",
            "passthrough_behavior": "WHEN_NO_MATCH",
            "request_parameters": {},
            "request_templates": {},
            "resource_id": "4z3eco",
            "rest_api_id": "94st8t18ck",
            "timeout_milliseconds": 29000,
            "tls_config": [],
            "type": "AWS_PROXY",
            "uri": "arn:aws:apigateway:eu-north-1:lambda:path/2015-03-31/functions/arn:aws:lambda:eu-north-1:095720751342:function:ThumbnailLambda/invocations"
          },
          "sensitive_attributes": [],
          "private": "bnVsbA==",
          "dependencies": [
            "module.api_gateway.aws_api_gateway_method.rest_api_get_method",
            "module.api_gateway.aws_api_gateway_resource.rest_api_resource",
            "module.api_gateway.aws_api_gateway_rest_api.rest_api",
            "module.lambda_function.aws_cloudwatch_log_group.lambda_log_group",
            "module.lambda_function.aws_iam_role.lambda_execution_role",
            "module.lambda_function.aws_iam_role_policy_attachment.lambda_policy",
            "module.lambda_function.aws_lambda_function.lambda_function",
            "module.lambda_function.aws_s3_bucket.lambda_bucket",
            "module.lambda_function.aws_s3_bucket_acl.s3_lambda_bucket",
            "module.lambda_function.aws_s3_object.lambda_code",
            "module.lambda_function.data.archive_file.lambda_code"
          ]
        }
      ]
    },
    {
      "module": "module.api_gateway",
      "mode": "managed",
      "type": "aws_api_gateway_method",
      "name": "rest_api_get_method",
      "provider": "provider[\"registry.terraform.io/hashicorp/aws\"]",
      "instances": [
        {
          "schema_version": 0,
          "attributes": {
            "api_key_required": false,
            "authorization": "NONE",
            "authorization_scopes": [],
            "authorizer_id": "",
            "http_method": "GET",
            "id": "agm-94st8t18ck-4z3eco-GET",
            "operation_name": "",
            "request_models": {},
            "request_parameters": {},
            "request_validator_id": "",
            "resource_id": "4z3eco",
            "rest_api_id": "94st8t18ck"
          },
          "sensitive_attributes": [],
          "private": "bnVsbA==",
          "dependencies": [
            "module.api_gateway.aws_api_gateway_resource.rest_api_resource",
            "module.api_gateway.aws_api_gateway_rest_api.rest_api",
            "module.lambda_function.aws_cloudwatch_log_group.lambda_log_group",
            "module.lambda_function.aws_iam_role.lambda_execution_role",
            "module.lambda_function.aws_iam_role_policy_attachment.lambda_policy",
            "module.lambda_function.aws_lambda_function.lambda_function",
            "module.lambda_function.aws_s3_bucket.lambda_bucket",
            "module.lambda_function.aws_s3_bucket_acl.s3_lambda_bucket",
            "module.lambda_function.aws_s3_object.lambda_code",
            "module.lambda_function.data.archive_file.lambda_code"
          ]
        }
      ]
    },
    {
      "module": "module.api_gateway",
      "mode": "managed",
      "type": "aws_api_gateway_method_response",
      "name": "rest_api_get_method_response_200",
      "provider": "provider[\"registry.terraform.io/hashicorp/aws\"]",
      "instances": [
        {
          "schema_version": 0,
          "attributes": {
            "http_method": "GET",
            "id": "agmr-94st8t18ck-4z3eco-GET-200",
            "resource_id": "4z3eco",
            "response_models": {},
            "response_parameters": {},
            "rest_api_id": "94st8t18ck",
            "status_code": "200"
          },
          "sensitive_attributes": [],
          "private": "bnVsbA==",
          "dependencies": [
            "module.api_gateway.aws_api_gateway_method.rest_api_get_method",
            "module.api_gateway.aws_api_gateway_resource.rest_api_resource",
            "module.api_gateway.aws_api_gateway_rest_api.rest_api",
            "module.lambda_function.aws_cloudwatch_log_group.lambda_log_group",
            "module.lambda_function.aws_iam_role.lambda_execution_role",
            "module.lambda_function.aws_iam_role_policy_attachment.lambda_policy",
            "module.lambda_function.aws_lambda_function.lambda_function",
            "module.lambda_function.aws_s3_bucket.lambda_bucket",
            "module.lambda_function.aws_s3_bucket_acl.s3_lambda_bucket",
            "module.lambda_function.aws_s3_object.lambda_code",
            "module.lambda_function.data.archive_file.lambda_code"
          ]
        }
      ]
    },
    {
      "module": "module.api_gateway",
      "mode": "managed",
      "type": "aws_api_gateway_resource",
      "name": "rest_api_resource",
      "provider": "provider[\"registry.terraform.io/hashicorp/aws\"]",
      "instances": [
        {
          "schema_version": 0,
          "attributes": {
            "id": "4z3eco",
            "parent_id": "f2i35u2igd",
            "path": "/thumbnails",
            "path_part": "thumbnails",
            "rest_api_id": "94st8t18ck"
          },
          "sensitive_attributes": [],
          "private": "bnVsbA==",
          "dependencies": [
            "module.api_gateway.aws_api_gateway_rest_api.rest_api",
            "module.lambda_function.aws_cloudwatch_log_group.lambda_log_group",
            "module.lambda_function.aws_iam_role.lambda_execution_role",
            "module.lambda_function.aws_iam_role_policy_attachment.lambda_policy",
            "module.lambda_function.aws_lambda_function.lambda_function",
            "module.lambda_function.aws_s3_bucket.lambda_bucket",
            "module.lambda_function.aws_s3_bucket_acl.s3_lambda_bucket",
            "module.lambda_function.aws_s3_object.lambda_code",
            "module.lambda_function.data.archive_file.lambda_code"
          ]
        }
      ]
    },
    {
      "module": "module.api_gateway",
      "mode": "managed",
      "type": "aws_api_gateway_rest_api",
      "name": "rest_api",
      "provider": "provider[\"registry.terraform.io/hashicorp/aws\"]",
      "instances": [
        {
          "schema_version": 0,
          "attributes": {
            "api_key_source": "HEADER",
            "arn": "arn:aws:apigateway:eu-north-1::/restapis/94st8t18ck",
            "binary_media_types": [],
            "body": null,
            "created_date": "2022-06-04T21:18:17Z",
            "description": "",
            "disable_execute_api_endpoint": false,
            "endpoint_configuration": [
              {
                "types": [
                  "EDGE"
                ],
                "vpc_endpoint_ids": []
              }
            ],
            "execution_arn": "arn:aws:execute-api:eu-north-1:095720751342:94st8t18ck",
            "id": "94st8t18ck",
            "minimum_compression_size": -1,
            "name": "thumbnail",
            "parameters": null,
            "policy": "",
            "root_resource_id": "f2i35u2igd",
            "tags": {},
            "tags_all": {}
          },
          "sensitive_attributes": [],
          "private": "bnVsbA==",
          "dependencies": [
            "module.lambda_function.aws_cloudwatch_log_group.lambda_log_group",
            "module.lambda_function.aws_iam_role.lambda_execution_role",
            "module.lambda_function.aws_iam_role_policy_attachment.lambda_policy",
            "module.lambda_function.aws_lambda_function.lambda_function",
            "module.lambda_function.aws_s3_bucket.lambda_bucket",
            "module.lambda_function.aws_s3_bucket_acl.s3_lambda_bucket",
            "module.lambda_function.aws_s3_object.lambda_code",
            "module.lambda_function.data.archive_file.lambda_code"
          ]
        }
      ]
    },
    {
      "module": "module.api_gateway",
      "mode": "managed",
      "type": "aws_api_gateway_stage",
      "name": "rest_api_stage",
      "provider": "provider[\"registry.terraform.io/hashicorp/aws\"]",
      "instances": [
        {
          "schema_version": 0,
          "attributes": {
            "access_log_settings": [],
            "arn": "arn:aws:apigateway:eu-north-1::/restapis/94st8t18ck/stages/prod",
            "cache_cluster_enabled": false,
            "cache_cluster_size": "",
            "client_certificate_id": "",
            "deployment_id": "9ovnjo",
            "description": "",
            "documentation_version": "",
            "execution_arn": "arn:aws:execute-api:eu-north-1:095720751342:94st8t18ck/prod",
            "id": "ags-94st8t18ck-prod",
            "invoke_url": "https://94st8t18ck.execute-api.eu-north-1.amazonaws.com/prod",
            "rest_api_id": "94st8t18ck",
            "stage_name": "prod",
            "tags": {},
            "tags_all": {},
            "variables": {},
            "web_acl_arn": "",
            "xray_tracing_enabled": false
          },
          "sensitive_attributes": [],
          "private": "bnVsbA==",
          "dependencies": [
            "module.api_gateway.aws_api_gateway_deployment.rest_api_deployment",
            "module.api_gateway.aws_api_gateway_integration.rest_api_get_method_integration",
            "module.api_gateway.aws_api_gateway_method.rest_api_get_method",
            "module.api_gateway.aws_api_gateway_resource.rest_api_resource",
            "module.api_gateway.aws_api_gateway_rest_api.rest_api",
            "module.lambda_function.aws_cloudwatch_log_group.lambda_log_group",
            "module.lambda_function.aws_iam_role.lambda_execution_role",
            "module.lambda_function.aws_iam_role_policy_attachment.lambda_policy",
            "module.lambda_function.aws_lambda_function.lambda_function",
            "module.lambda_function.aws_s3_bucket.lambda_bucket",
            "module.lambda_function.aws_s3_bucket_acl.s3_lambda_bucket",
            "module.lambda_function.aws_s3_object.lambda_code",
            "module.lambda_function.data.archive_file.lambda_code"
          ]
        }
      ]
    },
    {
      "module": "module.api_gateway",
      "mode": "managed",
      "type": "aws_lambda_permission",
      "name": "api_gateway_lambda",
      "provider": "provider[\"registry.terraform.io/hashicorp/aws\"]",
      "instances": [
        {
          "schema_version": 0,
          "attributes": {
            "action": "lambda:InvokeFunction",
            "event_source_token": null,
            "function_name": "ThumbnailLambda",
            "id": "AllowExecutionFromAPIGateway",
            "principal": "apigateway.amazonaws.com",
            "qualifier": "",
            "source_account": null,
            "source_arn": "arn:aws:execute-api:eu-north-1:095720751342:94st8t18ck/*/GET/thumbnails",
            "statement_id": "AllowExecutionFromAPIGateway",
            "statement_id_prefix": null
          },
          "sensitive_attributes": [],
          "private": "bnVsbA==",
          "dependencies": [
            "module.api_gateway.aws_api_gateway_method.rest_api_get_method",
            "module.api_gateway.aws_api_gateway_resource.rest_api_resource",
            "module.api_gateway.aws_api_gateway_rest_api.rest_api",
            "module.lambda_function.aws_cloudwatch_log_group.lambda_log_group",
            "module.lambda_function.aws_iam_role.lambda_execution_role",
            "module.lambda_function.aws_iam_role_policy_attachment.lambda_policy",
            "module.lambda_function.aws_lambda_function.lambda_function",
            "module.lambda_function.aws_s3_bucket.lambda_bucket",
            "module.lambda_function.aws_s3_bucket_acl.s3_lambda_bucket",
            "module.lambda_function.aws_s3_object.lambda_code",
            "module.lambda_function.data.archive_file.lambda_code"
          ]
        }
      ]
    },
    {
      "module": "module.api_gateway",
      "mode": "managed",
      "type": "aws_s3_bucket",
      "name": "s3_thumbnail_bucket",
      "provider": "provider[\"registry.terraform.io/hashicorp/aws\"]",
      "instances": [
        {
          "schema_version": 0,
          "attributes": {
            "acceleration_status": "",
            "acl": "private",
            "arn": "arn:aws:s3:::terraform-api-gateway-thumbnail-storage-01",
            "bucket": "terraform-api-gateway-thumbnail-storage-01",
            "bucket_domain_name": "terraform-api-gateway-thumbnail-storage-01.s3.amazonaws.com",
            "bucket_prefix": null,
            "bucket_regional_domain_name": "terraform-api-gateway-thumbnail-storage-01.s3.eu-north-1.amazonaws.com",
            "cors_rule": [],
            "force_destroy": false,
            "grant": [],
            "hosted_zone_id": "Z3BAZG2TWCNX0D",
            "id": "terraform-api-gateway-thumbnail-storage-01",
            "lifecycle_rule": [],
            "logging": [],
            "object_lock_configuration": [],
            "policy": "",
            "region": "eu-north-1",
            "replication_configuration": [],
            "request_payer": "BucketOwner",
            "server_side_encryption_configuration": [],
            "tags": {},
            "tags_all": {},
            "versioning": [
              {
                "enabled": false,
                "mfa_delete": false
              }
            ],
            "website": [],
            "website_domain": null,
            "website_endpoint": null
          },
          "sensitive_attributes": [],
          "private": "bnVsbA==",
          "dependencies": [
            "module.lambda_function.aws_cloudwatch_log_group.lambda_log_group",
            "module.lambda_function.aws_iam_role.lambda_execution_role",
            "module.lambda_function.aws_iam_role_policy_attachment.lambda_policy",
            "module.lambda_function.aws_lambda_function.lambda_function",
            "module.lambda_function.aws_s3_bucket.lambda_bucket",
            "module.lambda_function.aws_s3_bucket_acl.s3_lambda_bucket",
            "module.lambda_function.aws_s3_object.lambda_code",
            "module.lambda_function.data.archive_file.lambda_code"
          ]
        }
      ]
    },
    {
      "module": "module.lambda_function",
      "mode": "data",
      "type": "archive_file",
      "name": "lambda_code",
      "provider": "provider[\"registry.terraform.io/hashicorp/archive\"]",
      "instances": [
        {
          "schema_version": 0,
          "attributes": {
            "excludes": null,
            "id": "b00f43f910689f5041f8f32c638b47ce132279c9",
            "output_base64sha256": "N9XO9N3VUjyroE2jR0z7QC9jD2vHPng4RgUSJxwO97Q=",
            "output_md5": "0e2d82068a5a4b6323b325845aa7f5bc",
            "output_path": "modules/lambda_function/function_code.zip",
            "output_sha": "b00f43f910689f5041f8f32c638b47ce132279c9",
            "output_size": 367,
            "source": [],
            "source_content": null,
            "source_content_filename": null,
            "source_dir": "modules/lambda_function/function_code",
            "source_file": null,
            "type": "zip"
          },
          "sensitive_attributes": []
        }
      ]
    },
    {
      "module": "module.lambda_function",
      "mode": "managed",
      "type": "aws_cloudwatch_log_group",
      "name": "lambda_log_group",
      "provider": "provider[\"registry.terraform.io/hashicorp/aws\"]",
      "instances": [
        {
          "schema_version": 0,
          "attributes": {
            "arn": "arn:aws:logs:eu-north-1:095720751342:log-group:/aws/lambda/ThumbnailLambda",
            "id": "/aws/lambda/ThumbnailLambda",
            "kms_key_id": "",
            "name": "/aws/lambda/ThumbnailLambda",
            "name_prefix": null,
            "retention_in_days": 30,
            "tags": {},
            "tags_all": {}
          },
          "sensitive_attributes": [],
          "private": "bnVsbA==",
          "dependencies": [
            "module.lambda_function.aws_iam_role.lambda_execution_role",
            "module.lambda_function.aws_lambda_function.lambda_function",
            "module.lambda_function.aws_s3_bucket.lambda_bucket",
            "module.lambda_function.aws_s3_object.lambda_code",
            "module.lambda_function.data.archive_file.lambda_code"
          ]
        }
      ]
    },
    {
      "module": "module.lambda_function",
      "mode": "managed",
      "type": "aws_iam_role",
      "name": "lambda_execution_role",
      "provider": "provider[\"registry.terraform.io/hashicorp/aws\"]",
      "instances": [
        {
          "schema_version": 0,
          "attributes": {
            "arn": "arn:aws:iam::095720751342:role/lambda_execution_role_ThumbnailLambda",
            "assume_role_policy": "{\"Version\":\"2012-10-17\",\"Statement\":[{\"Sid\":\"\",\"Effect\":\"Allow\",\"Principal\":{\"Service\":\"lambda.amazonaws.com\"},\"Action\":\"sts:AssumeRole\"}]}",
            "create_date": "2022-06-04T21:40:00Z",
            "description": "",
            "force_detach_policies": false,
            "id": "lambda_execution_role_ThumbnailLambda",
            "inline_policy": [
              {
                "name": "",
                "policy": ""
              }
            ],
            "managed_policy_arns": [
              "arn:aws:iam::aws:policy/service-role/AWSLambdaBasicExecutionRole"
            ],
            "max_session_duration": 3600,
            "name": "lambda_execution_role_ThumbnailLambda",
            "name_prefix": "",
            "path": "/",
            "permissions_boundary": null,
            "tags": {},
            "tags_all": {},
            "unique_id": "AROARMSLGYDXOCBNHPQ4B"
          },
          "sensitive_attributes": [],
          "private": "bnVsbA=="
        }
      ]
    },
    {
      "module": "module.lambda_function",
      "mode": "managed",
      "type": "aws_iam_role_policy_attachment",
      "name": "lambda_policy",
      "provider": "provider[\"registry.terraform.io/hashicorp/aws\"]",
      "instances": [
        {
          "schema_version": 0,
          "attributes": {
            "id": "lambda_execution_role_ThumbnailLambda-20220604214002886700000001",
            "policy_arn": "arn:aws:iam::aws:policy/service-role/AWSLambdaBasicExecutionRole",
            "role": "lambda_execution_role_ThumbnailLambda"
          },
          "sensitive_attributes": [],
          "private": "bnVsbA==",
          "dependencies": [
            "module.lambda_function.aws_iam_role.lambda_execution_role"
          ]
        }
      ]
    },
    {
      "module": "module.lambda_function",
      "mode": "managed",
      "type": "aws_lambda_function",
      "name": "lambda_function",
      "provider": "provider[\"registry.terraform.io/hashicorp/aws\"]",
      "instances": [
        {
          "schema_version": 0,
          "attributes": {
            "architectures": [],
            "arn": "arn:aws:lambda:eu-north-1:095720751342:function:ThumbnailLambda",
            "code_signing_config_arn": "",
            "dead_letter_config": [],
            "description": "",
            "environment": [],
            "file_system_config": [],
            "filename": null,
            "function_name": "ThumbnailLambda",
            "handler": "index.handler",
            "id": "ThumbnailLambda",
            "image_config": [],
            "image_uri": "",
            "invoke_arn": "arn:aws:apigateway:eu-north-1:lambda:path/2015-03-31/functions/arn:aws:lambda:eu-north-1:095720751342:function:ThumbnailLambda/invocations",
            "kms_key_arn": "",
            "last_modified": "2022-06-05T12:00:39.000+0000",
            "layers": [],
            "memory_size": 128,
            "package_type": "Zip",
            "publish": false,
            "qualified_arn": "arn:aws:lambda:eu-north-1:095720751342:function:ThumbnailLambda:$LATEST",
            "reserved_concurrent_executions": -1,
            "role": "arn:aws:iam::095720751342:role/lambda_execution_role_ThumbnailLambda",
            "runtime": "nodejs12.x",
            "s3_bucket": "terraform-api-gateway-lambda-thumbnail-01",
            "s3_key": "function_code.zip",
            "s3_object_version": null,
            "signing_job_arn": "",
            "signing_profile_version_arn": "",
            "source_code_hash": "N9XO9N3VUjyroE2jR0z7QC9jD2vHPng4RgUSJxwO97Q=",
            "source_code_size": 367,
            "tags": {},
            "tags_all": {},
            "timeout": 3,
            "timeouts": null,
            "tracing_config": [
              {
                "mode": "PassThrough"
              }
            ],
            "version": "$LATEST",
            "vpc_config": []
          },
          "sensitive_attributes": [],
          "private": "eyJlMmJmYjczMC1lY2FhLTExZTYtOGY4OC0zNDM2M2JjN2M0YzAiOnsiY3JlYXRlIjo2MDAwMDAwMDAwMDB9fQ==",
          "dependencies": [
            "module.lambda_function.aws_iam_role.lambda_execution_role",
            "module.lambda_function.aws_s3_bucket.lambda_bucket",
            "module.lambda_function.aws_s3_object.lambda_code",
            "module.lambda_function.data.archive_file.lambda_code"
          ]
        }
      ]
    },
    {
      "module": "module.lambda_function",
      "mode": "managed",
      "type": "aws_s3_bucket",
      "name": "lambda_bucket",
      "provider": "provider[\"registry.terraform.io/hashicorp/aws\"]",
      "instances": [
        {
          "schema_version": 0,
          "attributes": {
            "acceleration_status": "",
            "acl": "private",
            "arn": "arn:aws:s3:::terraform-api-gateway-lambda-thumbnail-01",
            "bucket": "terraform-api-gateway-lambda-thumbnail-01",
            "bucket_domain_name": "terraform-api-gateway-lambda-thumbnail-01.s3.amazonaws.com",
            "bucket_prefix": null,
            "bucket_regional_domain_name": "terraform-api-gateway-lambda-thumbnail-01.s3.eu-north-1.amazonaws.com",
            "cors_rule": [],
            "force_destroy": false,
            "grant": [],
            "hosted_zone_id": "Z3BAZG2TWCNX0D",
            "id": "terraform-api-gateway-lambda-thumbnail-01",
            "lifecycle_rule": [],
            "logging": [],
            "object_lock_configuration": [],
            "policy": "",
            "region": "eu-north-1",
            "replication_configuration": [],
            "request_payer": "BucketOwner",
            "server_side_encryption_configuration": [],
            "tags": {},
            "tags_all": {},
            "versioning": [
              {
                "enabled": false,
                "mfa_delete": false
              }
            ],
            "website": [],
            "website_domain": null,
            "website_endpoint": null
          },
          "sensitive_attributes": [],
          "private": "bnVsbA=="
        }
      ]
    },
    {
      "module": "module.lambda_function",
      "mode": "managed",
      "type": "aws_s3_bucket_acl",
      "name": "s3_lambda_bucket",
      "provider": "provider[\"registry.terraform.io/hashicorp/aws\"]",
      "instances": [
        {
          "schema_version": 0,
          "attributes": {
            "access_control_policy": [
              {
                "grant": [
                  {
                    "grantee": [
                      {
                        "display_name": "",
                        "email_address": "",
                        "id": "601ed48d206bb6011da358bd0c85be09772299a8941f3f5af5419f0889221ffc",
                        "type": "CanonicalUser",
                        "uri": ""
                      }
                    ],
                    "permission": "FULL_CONTROL"
                  }
                ],
                "owner": [
                  {
                    "display_name": "",
                    "id": "601ed48d206bb6011da358bd0c85be09772299a8941f3f5af5419f0889221ffc"
                  }
                ]
              }
            ],
            "acl": "private",
            "bucket": "terraform-api-gateway-lambda-thumbnail-01",
            "expected_bucket_owner": "",
            "id": "terraform-api-gateway-lambda-thumbnail-01,private"
          },
          "sensitive_attributes": [],
          "private": "bnVsbA==",
          "dependencies": [
            "module.lambda_function.aws_s3_bucket.lambda_bucket"
          ]
        }
      ]
    },
    {
      "module": "module.lambda_function",
      "mode": "managed",
      "type": "aws_s3_object",
      "name": "lambda_code",
      "provider": "provider[\"registry.terraform.io/hashicorp/aws\"]",
      "instances": [
        {
          "schema_version": 0,
          "attributes": {
            "acl": "private",
            "bucket": "terraform-api-gateway-lambda-thumbnail-01",
            "bucket_key_enabled": false,
            "cache_control": "",
            "content": null,
            "content_base64": null,
            "content_disposition": "",
            "content_encoding": "",
            "content_language": "",
            "content_type": "binary/octet-stream",
            "etag": "0e2d82068a5a4b6323b325845aa7f5bc",
            "force_destroy": false,
            "id": "function_code.zip",
            "key": "function_code.zip",
            "kms_key_id": null,
            "metadata": {},
            "object_lock_legal_hold_status": "",
            "object_lock_mode": "",
            "object_lock_retain_until_date": "",
            "server_side_encryption": "",
            "source": "modules/lambda_function/function_code.zip",
            "source_hash": null,
            "storage_class": "STANDARD",
            "tags": {},
            "tags_all": {},
            "version_id": "",
            "website_redirect": ""
          },
          "sensitive_attributes": [],
          "private": "bnVsbA==",
          "dependencies": [
            "module.lambda_function.aws_s3_bucket.lambda_bucket",
            "module.lambda_function.data.archive_file.lambda_code"
          ]
        }
      ]
    }
  ]
}
